{
    "name": "mjmc",
    "version": "1.0.0",
    "lockfileVersion": 2,
    "requires": true,
    "packages": {
        "": {
            "name": "mjmc",
            "version": "1.0.0",
            "license": "ISC",
            "devDependencies": {
                "@types/mojang-gametest": "^0.1.4",
                "@types/mojang-minecraft": "^0.1.5",
                "@types/node": "^17.0.32",
                "typescript": "^4.5.5"
            }
        },
        "node_modules/@types/mojang-gametest": {
            "version": "0.1.4",
            "resolved": "https://registry.npmjs.org/@types/mojang-gametest/-/mojang-gametest-0.1.4.tgz",
            "integrity": "sha512-rMUhPK8SnepbuL0vE9DfJknhA7LfAMlmtCxqTT9Pb3wEouJ2phvXvXTuo5uDqFxgwMRyISlalycBkR8rL3Od0Q==",
            "dev": true,
            "dependencies": {
                "@types/mojang-minecraft": "*"
            }
        },
        "node_modules/@types/mojang-minecraft": {
            "version": "0.1.5",
            "resolved": "https://registry.npmjs.org/@types/mojang-minecraft/-/mojang-minecraft-0.1.5.tgz",
            "integrity": "sha512-q6TcsBiRRSZ5B9zlszDDXVyCe9LIfDymiUw6eLTTvOQ+2Dx4ehLmZK1sv7mp1dkZYVieoms2jk7af3MjEjtCdQ==",
            "dev": true
        },
        "node_modules/@types/node": {
            "version": "17.0.32",
            "resolved": "https://registry.npmjs.org/@types/node/-/node-17.0.32.tgz",
            "integrity": "sha512-eAIcfAvhf/BkHcf4pkLJ7ECpBAhh9kcxRBpip9cTiO+hf+aJrsxYxBeS6OXvOd9WqNAJmavXVpZvY1rBjNsXmw==",
            "dev": true
        },
        "node_modules/typescript": {
            "version": "4.5.5",
            "resolved": "https://registry.npmjs.org/typescript/-/typescript-4.5.5.tgz",
            "integrity": "sha512-TCTIul70LyWe6IJWT8QSYeA54WQe8EjQFU4wY52Fasj5UKx88LNYKCgBEHcOMOrFF1rKGbD8v/xcNWVUq9SymA==",
            "dev": true,
            "bin": {
                "tsc": "bin/tsc",
                "tsserver": "bin/tsserver"
            },
            "engines": {
                "node": ">=4.2.0"
            }
        }
    },
    "dependencies": {
        "@types/mojang-gametest": {
            "version": "0.1.4",
            "resolved": "https://registry.npmjs.org/@types/mojang-gametest/-/mojang-gametest-0.1.4.tgz",
            "integrity": "sha512-rMUhPK8SnepbuL0vE9DfJknhA7LfAMlmtCxqTT9Pb3wEouJ2phvXvXTuo5uDqFxgwMRyISlalycBkR8rL3Od0Q==",
            "dev": true,
            "requires": {
                "@types/mojang-minecraft": "*"
            }
        },
        "@types/mojang-minecraft": {
            "version": "0.1.5",
            "resolved": "https://registry.npmjs.org/@types/mojang-minecraft/-/mojang-minecraft-0.1.5.tgz",
            "integrity": "sha512-q6TcsBiRRSZ5B9zlszDDXVyCe9LIfDymiUw6eLTTvOQ+2Dx4ehLmZK1sv7mp1dkZYVieoms2jk7af3MjEjtCdQ==",
            "dev": true
        },
        "@types/node": {
            "version": "17.0.32",
            "resolved": "https://registry.npmjs.org/@types/node/-/node-17.0.32.tgz",
            "integrity": "sha512-eAIcfAvhf/BkHcf4pkLJ7ECpBAhh9kcxRBpip9cTiO+hf+aJrsxYxBeS6OXvOd9WqNAJmavXVpZvY1rBjNsXmw==",
            "dev": true
        },
        "typescript": {
            "version": "4.5.5",
            "resolved": "https://registry.npmjs.org/typescript/-/typescript-4.5.5.tgz",
            "integrity": "sha512-TCTIul70LyWe6IJWT8QSYeA54WQe8EjQFU4wY52Fasj5UKx88LNYKCgBEHcOMOrFF1rKGbD8v/xcNWVUq9SymA==",
            "dev": true
        }
    }
}
